
Microsoft Visual Studio Solution File, Format Version 12.00
# Visual Studio Version 17
VisualStudioVersion = 17.2.32519.379
MinimumVisualStudioVersion = 10.0.40219.1
Project("{9A19103F-16F7-4668-BE54-9A1E7A4F7556}") = "Doctor.Scheduler.Api", "Doctor.Scheduler.Api\Doctor.Scheduler.Api.csproj", "{167E4C1E-206A-491A-A9D0-88FF68DC9834}"
EndProject
Project("{2150E333-8FDC-42A3-9474-1A3956D46DE8}") = "src", "src", "{23D9270B-CAFB-4000-95A0-6688F992E9AF}"
EndProject
Project("{FAE04EC0-301F-11D3-BF4B-00C04F79EFBC}") = "Doctor.Scheduler.Tests", "Doctor.Scheduler.Tests\Doctor.Scheduler.Tests.csproj", "{C2D9ECE3-25CE-412C-94E5-A2B6CBF284F6}"
EndProject
Global
	GlobalSection(SolutionConfigurationPlatforms) = preSolution
		Debug|Any CPU = Debug|Any CPU
		Release|Any CPU = Release|Any CPU
	EndGlobalSection
	GlobalSection(ProjectConfigurationPlatforms) = postSolution
		{167E4C1E-206A-491A-A9D0-88FF68DC9834}.Debug|Any CPU.ActiveCfg = Debug|Any CPU
		{167E4C1E-206A-491A-A9D0-88FF68DC9834}.Debug|Any CPU.Build.0 = Debug|Any CPU
		{167E4C1E-206A-491A-A9D0-88FF68DC9834}.Release|Any CPU.ActiveCfg = Release|Any CPU
		{167E4C1E-206A-491A-A9D0-88FF68DC9834}.Release|Any CPU.Build.0 = Release|Any CPU
		{C2D9ECE3-25CE-412C-94E5-A2B6CBF284F6}.Debug|Any CPU.ActiveCfg = Debug|Any CPU
		{C2D9ECE3-25CE-412C-94E5-A2B6CBF284F6}.Debug|Any CPU.Build.0 = Debug|Any CPU
		{C2D9ECE3-25CE-412C-94E5-A2B6CBF284F6}.Release|Any CPU.ActiveCfg = Release|Any CPU
		{C2D9ECE3-25CE-412C-94E5-A2B6CBF284F6}.Release|Any CPU.Build.0 = Release|Any CPU
	EndGlobalSection
	GlobalSection(SolutionProperties) = preSolution
		HideSolutionNode = FALSE
	EndGlobalSection
	GlobalSection(NestedProjects) = preSolution
		{167E4C1E-206A-491A-A9D0-88FF68DC9834} = {23D9270B-CAFB-4000-95A0-6688F992E9AF}
		{C2D9ECE3-25CE-412C-94E5-A2B6CBF284F6} = {23D9270B-CAFB-4000-95A0-6688F992E9AF}
	EndGlobalSection
	GlobalSection(ExtensibilityGlobals) = postSolution
		SolutionGuid = {6F1BB5A5-1DFD-4CEC-9789-EB8C4891BF68}
	EndGlobalSection
EndGlobal
